
Microsoft Visual Studio Solution File, Format Version 12.00
# Visual Studio Version 16
VisualStudioVersion = 16.0.30517.126
MinimumVisualStudioVersion = 10.0.40219.1
Project("{9A19103F-16F7-4668-BE54-9A1E7A4F7556}") = "ProductApp", "ProductApp\ProductApp.csproj", "{9AB36B3A-1E1A-448A-98ED-508494545891}"
EndProject
Global
	GlobalSection(SolutionConfigurationPlatforms) = preSolution
		Debug|Any CPU = Debug|Any CPU
		Release|Any CPU = Release|Any CPU
	EndGlobalSection
	GlobalSection(ProjectConfigurationPlatforms) = postSolution
		{9AB36B3A-1E1A-448A-98ED-508494545891}.Debug|Any CPU.ActiveCfg = Debug|Any CPU
		{9AB36B3A-1E1A-448A-98ED-508494545891}.Debug|Any CPU.Build.0 = Debug|Any CPU
		{9AB36B3A-1E1A-448A-98ED-508494545891}.Release|Any CPU.ActiveCfg = Release|Any CPU
		{9AB36B3A-1E1A-448A-98ED-508494545891}.Release|Any CPU.Build.0 = Release|Any CPU
	EndGlobalSection
	GlobalSection(SolutionProperties) = preSolution
		HideSolutionNode = FALSE
	EndGlobalSection
	GlobalSection(ExtensibilityGlobals) = postSolution
		SolutionGuid = {41A2643C-EB53-4880-ABED-49C3A3A24B21}
	EndGlobalSection
EndGlobal
